// !$*UTF8*$!
{
	archiveVersion = 1;
	classes = {
	};
	objectVersion = 46;
	objects = {

/* Begin PBXBuildFile section */
		2E3A8BD31DB9733C00D0943C /* main.cpp in Sources */ = {isa = PBXBuildFile; fileRef = 2E3A8BD21DB9733C00D0943C /* main.cpp */; };
		7CA2CA041DD43FBB00D195F4 /* Action.cpp in Sources */ = {isa = PBXBuildFile; fileRef = 7CA2CA031DD43FBB00D195F4 /* Action.cpp */; };
		7CA2CA071DD484E700D195F4 /* GameObjectFactory.cpp in Sources */ = {isa = PBXBuildFile; fileRef = 7CA2CA061DD484E700D195F4 /* GameObjectFactory.cpp */; };
		7CA2CA1F1DD92CE800D195F4 /* libSDL2_gpu.a in Frameworks */ = {isa = PBXBuildFile; fileRef = 7CA2CA1E1DD92CE800D195F4 /* libSDL2_gpu.a */; };
		7CA2CA2C1DD9386C00D195F4 /* OpenGL.framework in Frameworks */ = {isa = PBXBuildFile; fileRef = 7CA2CA2B1DD9386C00D195F4 /* OpenGL.framework */; };
		7CB6DD241DD1D2CD00E16A94 /* Player.cpp in Sources */ = {isa = PBXBuildFile; fileRef = 7CB6DD231DD1D2CD00E16A94 /* Player.cpp */; };
		7CB6DD271DD1DC3600E16A94 /* Texture.cpp in Sources */ = {isa = PBXBuildFile; fileRef = 7CB6DD261DD1DC3600E16A94 /* Texture.cpp */; };
		7CB95BD01DCBA98500797D66 /* libtmx.a in Frameworks */ = {isa = PBXBuildFile; fileRef = 7CB95BCF1DCBA98500797D66 /* libtmx.a */; };
/* End PBXBuildFile section */

/* Begin PBXFileReference section */
		2E1FD2FE1DD1AA86006BF8BB /* ExplodeAction.h */ = {isa = PBXFileReference; lastKnownFileType = sourcecode.c.h; path = ExplodeAction.h; sourceTree = "<group>"; };
		2E1FD2FF1DD2E4A8006BF8BB /* GameObjectFactory.h */ = {isa = PBXFileReference; lastKnownFileType = sourcecode.c.h; path = GameObjectFactory.h; sourceTree = "<group>"; };
		2E3A8BCF1DB9733C00D0943C /* Starfighter */ = {isa = PBXFileReference; explicitFileType = "compiled.mach-o.executable"; includeInIndex = 0; path = Starfighter; sourceTree = BUILT_PRODUCTS_DIR; };
		2E3A8BD21DB9733C00D0943C /* main.cpp */ = {isa = PBXFileReference; lastKnownFileType = sourcecode.cpp.cpp; path = main.cpp; sourceTree = "<group>"; };
		2E5FE8BB1DC68DEA00A4FC47 /* AssetCache.h */ = {isa = PBXFileReference; lastKnownFileType = sourcecode.c.h; path = AssetCache.h; sourceTree = "<group>"; };
		2E67BBDB1DC831A1005AE866 /* Text.h */ = {isa = PBXFileReference; lastKnownFileType = sourcecode.c.h; path = Text.h; sourceTree = "<group>"; };
		2EA153851DCAA0FB00DAE299 /* Missile.h */ = {isa = PBXFileReference; lastKnownFileType = sourcecode.c.h; path = Missile.h; sourceTree = "<group>"; };
		2EADD9BC1DBAFA64002B6BCD /* Player.h */ = {isa = PBXFileReference; lastKnownFileType = sourcecode.c.h; path = Player.h; sourceTree = "<group>"; };
		2EADD9BD1DBAFC89002B6BCD /* Texture.h */ = {isa = PBXFileReference; lastKnownFileType = sourcecode.c.h; path = Texture.h; sourceTree = "<group>"; };
		2EADD9BE1DBB1204002B6BCD /* Timer.h */ = {isa = PBXFileReference; lastKnownFileType = sourcecode.c.h; path = Timer.h; sourceTree = "<group>"; };
		2EADD9BF1DBB1677002B6BCD /* Bullet.h */ = {isa = PBXFileReference; lastKnownFileType = sourcecode.c.h; path = Bullet.h; sourceTree = "<group>"; };
		2EADD9C21DBDA78C002B6BCD /* Asteroid.h */ = {isa = PBXFileReference; lastKnownFileType = sourcecode.c.h; path = Asteroid.h; sourceTree = "<group>"; };
		2ECDD8F71DCD918E0048AD7E /* GameObject.h */ = {isa = PBXFileReference; lastKnownFileType = sourcecode.c.h; path = GameObject.h; sourceTree = "<group>"; };
		2ED6F34B1DD1A37000DB6773 /* Action.h */ = {isa = PBXFileReference; lastKnownFileType = sourcecode.c.h; path = Action.h; sourceTree = "<group>"; };
		7C4E5E691DCF2D2D00F0A385 /* Enemy.h */ = {isa = PBXFileReference; lastKnownFileType = sourcecode.c.h; path = Enemy.h; sourceTree = "<group>"; };
		7C4F3A761DDA401D00149499 /* SDL_gpu_OpenGL_1.h */ = {isa = PBXFileReference; lastKnownFileType = sourcecode.c.h; path = SDL_gpu_OpenGL_1.h; sourceTree = "<group>"; };
		7C4F3A771DDA409400149499 /* glew.h */ = {isa = PBXFileReference; lastKnownFileType = sourcecode.c.h; path = glew.h; sourceTree = "<group>"; };
		7C4F3A781DDA752B00149499 /* Shader.h */ = {isa = PBXFileReference; lastKnownFileType = sourcecode.c.h; path = Shader.h; sourceTree = "<group>"; };
		7C4F3A791DDA753E00149499 /* OpenGLRenderer.h */ = {isa = PBXFileReference; lastKnownFileType = sourcecode.c.h; path = OpenGLRenderer.h; sourceTree = "<group>"; };
		7C4F3A7B1DDA76D500149499 /* untextured.frag */ = {isa = PBXFileReference; lastKnownFileType = sourcecode.glsl; name = untextured.frag; path = shaders/untextured.frag; sourceTree = SOURCE_ROOT; };
		7C4F3A7C1DDA76D500149499 /* untextured.vert */ = {isa = PBXFileReference; lastKnownFileType = sourcecode.glsl; name = untextured.vert; path = shaders/untextured.vert; sourceTree = SOURCE_ROOT; };
		7C7302A91DC6B472008B8BFF /* Animation.h */ = {isa = PBXFileReference; lastKnownFileType = sourcecode.c.h; path = Animation.h; sourceTree = "<group>"; };
		7C7302AC1DC6BC38008B8BFF /* Point.h */ = {isa = PBXFileReference; lastKnownFileType = sourcecode.c.h; path = Point.h; sourceTree = "<group>"; };
		7C7302B51DC704A2008B8BFF /* Starfield.h */ = {isa = PBXFileReference; lastKnownFileType = sourcecode.c.h; path = Starfield.h; sourceTree = "<group>"; };
		7C7302B81DC86DE7008B8BFF /* HUD.h */ = {isa = PBXFileReference; lastKnownFileType = sourcecode.c.h; path = HUD.h; sourceTree = "<group>"; };
		7CA2CA031DD43FBB00D195F4 /* Action.cpp */ = {isa = PBXFileReference; fileEncoding = 4; lastKnownFileType = sourcecode.cpp.cpp; path = Action.cpp; sourceTree = "<group>"; };
		7CA2CA061DD484E700D195F4 /* GameObjectFactory.cpp */ = {isa = PBXFileReference; fileEncoding = 4; lastKnownFileType = sourcecode.cpp.cpp; path = GameObjectFactory.cpp; sourceTree = "<group>"; };
		7CA2CA1E1DD92CE800D195F4 /* libSDL2_gpu.a */ = {isa = PBXFileReference; lastKnownFileType = archive.ar; path = libSDL2_gpu.a; sourceTree = "<group>"; };
		7CA2CA2A1DD92D2A00D195F4 /* SDL_gpu.h */ = {isa = PBXFileReference; lastKnownFileType = sourcecode.c.h; path = SDL_gpu.h; sourceTree = "<group>"; };
		7CA2CA2B1DD9386C00D195F4 /* OpenGL.framework */ = {isa = PBXFileReference; lastKnownFileType = wrapper.framework; name = OpenGL.framework; path = System/Library/Frameworks/OpenGL.framework; sourceTree = SDKROOT; };
		7CB6DD231DD1D2CD00E16A94 /* Player.cpp */ = {isa = PBXFileReference; fileEncoding = 4; lastKnownFileType = sourcecode.cpp.cpp; path = Player.cpp; sourceTree = "<group>"; };
		7CB6DD251DD1DACD00E16A94 /* PlayerDeathAction.h */ = {isa = PBXFileReference; lastKnownFileType = sourcecode.c.h; path = PlayerDeathAction.h; sourceTree = "<group>"; };
		7CB6DD261DD1DC3600E16A94 /* Texture.cpp */ = {isa = PBXFileReference; fileEncoding = 4; lastKnownFileType = sourcecode.cpp.cpp; path = Texture.cpp; sourceTree = "<group>"; };
		7CB7EA481DCDBD6700296AB8 /* Game.h */ = {isa = PBXFileReference; lastKnownFileType = sourcecode.c.h; path = Game.h; sourceTree = "<group>"; };
		7CB95BCF1DCBA98500797D66 /* libtmx.a */ = {isa = PBXFileReference; lastKnownFileType = archive.ar; path = libtmx.a; sourceTree = "<group>"; };
		7CB95BD11DCBAA1800797D66 /* tmx.h */ = {isa = PBXFileReference; lastKnownFileType = sourcecode.c.h; path = tmx.h; sourceTree = "<group>"; };
		7CB95BD81DCC75F000797D66 /* Map.h */ = {isa = PBXFileReference; lastKnownFileType = sourcecode.c.h; path = Map.h; sourceTree = "<group>"; };
/* End PBXFileReference section */

/* Begin PBXFrameworksBuildPhase section */
		2E3A8BCC1DB9733C00D0943C /* Frameworks */ = {
			isa = PBXFrameworksBuildPhase;
			buildActionMask = 2147483647;
			files = (
				7CA2CA2C1DD9386C00D195F4 /* OpenGL.framework in Frameworks */,
				7CB95BD01DCBA98500797D66 /* libtmx.a in Frameworks */,
				7CA2CA1F1DD92CE800D195F4 /* libSDL2_gpu.a in Frameworks */,
			);
			runOnlyForDeploymentPostprocessing = 0;
		};
/* End PBXFrameworksBuildPhase section */

/* Begin PBXGroup section */
		2E3A8BC61DB9733C00D0943C = {
			isa = PBXGroup;
			children = (
				2E3A8BD11DB9733C00D0943C /* Starfighter */,
				2E3A8BD01DB9733C00D0943C /* Products */,
				2E3A8BD91DB973C000D0943C /* Frameworks */,
			);
			sourceTree = "<group>";
		};
		2E3A8BD01DB9733C00D0943C /* Products */ = {
			isa = PBXGroup;
			children = (
				2E3A8BCF1DB9733C00D0943C /* Starfighter */,
			);
			name = Products;
			sourceTree = "<group>";
		};
		2E3A8BD11DB9733C00D0943C /* Starfighter */ = {
			isa = PBXGroup;
			children = (
				7C4F3A7A1DDA76CB00149499 /* Shaders */,
				7CA2CA201DD92CF900D195F4 /* SDL2_gpu */,
				7CA2CA081DD5681400D195F4 /* tmx */,
				7CB95BD71DCC759800797D66 /* libs */,
				7CA2CA051DD481B900D195F4 /* actions */,
				2EADD9C21DBDA78C002B6BCD /* Asteroid.h */,
				2E5FE8BB1DC68DEA00A4FC47 /* AssetCache.h */,
				7C7302A91DC6B472008B8BFF /* Animation.h */,
				2EADD9BF1DBB1677002B6BCD /* Bullet.h */,
				7C4E5E691DCF2D2D00F0A385 /* Enemy.h */,
				7CB7EA481DCDBD6700296AB8 /* Game.h */,
				2ECDD8F71DCD918E0048AD7E /* GameObject.h */,
				2E1FD2FF1DD2E4A8006BF8BB /* GameObjectFactory.h */,
				7CA2CA061DD484E700D195F4 /* GameObjectFactory.cpp */,
				7C7302B81DC86DE7008B8BFF /* HUD.h */,
				7CB95BD81DCC75F000797D66 /* Map.h */,
				2EA153851DCAA0FB00DAE299 /* Missile.h */,
				2EADD9BC1DBAFA64002B6BCD /* Player.h */,
				7CB6DD231DD1D2CD00E16A94 /* Player.cpp */,
				7C7302AC1DC6BC38008B8BFF /* Point.h */,
				7C7302B51DC704A2008B8BFF /* Starfield.h */,
				2E67BBDB1DC831A1005AE866 /* Text.h */,
				2EADD9BD1DBAFC89002B6BCD /* Texture.h */,
				7CB6DD261DD1DC3600E16A94 /* Texture.cpp */,
				2EADD9BE1DBB1204002B6BCD /* Timer.h */,
				2E3A8BD21DB9733C00D0943C /* main.cpp */,
				7C4F3A781DDA752B00149499 /* Shader.h */,
				7C4F3A791DDA753E00149499 /* OpenGLRenderer.h */,
			);
			path = Starfighter;
			sourceTree = "<group>";
		};
		2E3A8BD91DB973C000D0943C /* Frameworks */ = {
			isa = PBXGroup;
			children = (
				7CA2CA2B1DD9386C00D195F4 /* OpenGL.framework */,
			);
			name = Frameworks;
			sourceTree = "<group>";
		};
		7C4F3A7A1DDA76CB00149499 /* Shaders */ = {
			isa = PBXGroup;
			children = (
				7C4F3A7B1DDA76D500149499 /* untextured.frag */,
				7C4F3A7C1DDA76D500149499 /* untextured.vert */,
			);
			name = Shaders;
			sourceTree = "<group>";
		};
		7CA2CA051DD481B900D195F4 /* actions */ = {
			isa = PBXGroup;
			children = (
				2ED6F34B1DD1A37000DB6773 /* Action.h */,
				7CA2CA031DD43FBB00D195F4 /* Action.cpp */,
				2E1FD2FE1DD1AA86006BF8BB /* ExplodeAction.h */,
				7CB6DD251DD1DACD00E16A94 /* PlayerDeathAction.h */,
			);
			name = actions;
			sourceTree = "<group>";
		};
		7CA2CA081DD5681400D195F4 /* tmx */ = {
			isa = PBXGroup;
			children = (
				7CB95BD11DCBAA1800797D66 /* tmx.h */,
			);
			name = tmx;
			sourceTree = "<group>";
		};
		7CA2CA201DD92CF900D195F4 /* SDL2_gpu */ = {
			isa = PBXGroup;
			children = (
				7CA2CA2A1DD92D2A00D195F4 /* SDL_gpu.h */,
				7C4F3A761DDA401D00149499 /* SDL_gpu_OpenGL_1.h */,
				7C4F3A771DDA409400149499 /* glew.h */,
			);
			name = SDL2_gpu;
			sourceTree = "<group>";
		};
		7CB95BD71DCC759800797D66 /* libs */ = {
			isa = PBXGroup;
			children = (
				7CA2CA1E1DD92CE800D195F4 /* libSDL2_gpu.a */,
				7CB95BCF1DCBA98500797D66 /* libtmx.a */,
			);
			name = libs;
			sourceTree = "<group>";
		};
/* End PBXGroup section */

/* Begin PBXNativeTarget section */
		2E3A8BCE1DB9733C00D0943C /* Starfighter */ = {
			isa = PBXNativeTarget;
			buildConfigurationList = 2E3A8BD61DB9733C00D0943C /* Build configuration list for PBXNativeTarget "Starfighter" */;
			buildPhases = (
				2E3A8BCC1DB9733C00D0943C /* Frameworks */,
				2E3A8BCB1DB9733C00D0943C /* Sources */,
				7CB95BD21DCBAA7900797D66 /* Run Script */,
			);
			buildRules = (
			);
			dependencies = (
			);
			name = Starfighter;
			productName = Starfighter;
			productReference = 2E3A8BCF1DB9733C00D0943C /* Starfighter */;
			productType = "com.apple.product-type.tool";
		};
/* End PBXNativeTarget section */

/* Begin PBXProject section */
		2E3A8BC71DB9733C00D0943C /* Project object */ = {
			isa = PBXProject;
			attributes = {
				LastUpgradeCheck = 0810;
				ORGANIZATIONNAME = "Patrick Montag";
				TargetAttributes = {
					2E3A8BCE1DB9733C00D0943C = {
						CreatedOnToolsVersion = 8.0;
						ProvisioningStyle = Automatic;
					};
				};
			};
			buildConfigurationList = 2E3A8BCA1DB9733C00D0943C /* Build configuration list for PBXProject "Starfighter" */;
			compatibilityVersion = "Xcode 3.2";
			developmentRegion = English;
			hasScannedForEncodings = 0;
			knownRegions = (
				en,
			);
			mainGroup = 2E3A8BC61DB9733C00D0943C;
			productRefGroup = 2E3A8BD01DB9733C00D0943C /* Products */;
			projectDirPath = "";
			projectRoot = "";
			targets = (
				2E3A8BCE1DB9733C00D0943C /* Starfighter */,
			);
		};
/* End PBXProject section */

/* Begin PBXShellScriptBuildPhase section */
		7CB95BD21DCBAA7900797D66 /* Run Script */ = {
			isa = PBXShellScriptBuildPhase;
			buildActionMask = 2147483647;
			files = (
			);
			inputPaths = (
			);
			name = "Run Script";
			outputPaths = (
			);
			runOnlyForDeploymentPostprocessing = 0;
			shellPath = /bin/sh;
			shellScript = "ditto \"${PROJECT_DIR}/Sprites\" \"${TARGET_BUILD_DIR}\"\nditto \"${PROJECT_DIR}/Sounds\" \"${TARGET_BUILD_DIR}\"\nditto \"${PROJECT_DIR}/shaders\" \"${TARGET_BUILD_DIR}/shaders\"";
			showEnvVarsInLog = 0;
		};
/* End PBXShellScriptBuildPhase section */

/* Begin PBXSourcesBuildPhase section */
		2E3A8BCB1DB9733C00D0943C /* Sources */ = {
			isa = PBXSourcesBuildPhase;
			buildActionMask = 2147483647;
			files = (
				2E3A8BD31DB9733C00D0943C /* main.cpp in Sources */,
				7CB6DD271DD1DC3600E16A94 /* Texture.cpp in Sources */,
				7CA2CA041DD43FBB00D195F4 /* Action.cpp in Sources */,
				7CB6DD241DD1D2CD00E16A94 /* Player.cpp in Sources */,
				7CA2CA071DD484E700D195F4 /* GameObjectFactory.cpp in Sources */,
			);
			runOnlyForDeploymentPostprocessing = 0;
		};
/* End PBXSourcesBuildPhase section */

/* Begin XCBuildConfiguration section */
		2E3A8BD41DB9733C00D0943C /* Debug */ = {
			isa = XCBuildConfiguration;
			buildSettings = {
				ALWAYS_SEARCH_USER_PATHS = NO;
				CLANG_ANALYZER_NONNULL = YES;
				CLANG_CXX_LANGUAGE_STANDARD = "gnu++0x";
				CLANG_CXX_LIBRARY = "libc++";
				CLANG_ENABLE_MODULES = YES;
				CLANG_ENABLE_OBJC_ARC = YES;
				CLANG_WARN_BOOL_CONVERSION = YES;
				CLANG_WARN_CONSTANT_CONVERSION = YES;
				CLANG_WARN_DIRECT_OBJC_ISA_USAGE = YES_ERROR;
				CLANG_WARN_DOCUMENTATION_COMMENTS = YES;
				CLANG_WARN_EMPTY_BODY = YES;
				CLANG_WARN_ENUM_CONVERSION = YES;
				CLANG_WARN_INFINITE_RECURSION = YES;
				CLANG_WARN_INT_CONVERSION = YES;
				CLANG_WARN_OBJC_ROOT_CLASS = YES_ERROR;
				CLANG_WARN_SUSPICIOUS_MOVE = YES;
				CLANG_WARN_SUSPICIOUS_MOVES = YES;
				CLANG_WARN_UNREACHABLE_CODE = YES;
				CLANG_WARN__DUPLICATE_METHOD_MATCH = YES;
				CODE_SIGN_IDENTITY = "-";
				COPY_PHASE_STRIP = NO;
				DEBUG_INFORMATION_FORMAT = dwarf;
				ENABLE_STRICT_OBJC_MSGSEND = YES;
				ENABLE_TESTABILITY = YES;
				GCC_C_LANGUAGE_STANDARD = gnu99;
				GCC_DYNAMIC_NO_PIC = NO;
				GCC_NO_COMMON_BLOCKS = YES;
				GCC_OPTIMIZATION_LEVEL = 0;
				GCC_PREPROCESSOR_DEFINITIONS = (
					"DEBUG=1",
					"$(inherited)",
				);
				GCC_PREPROCESSOR_DEFINITIONS_NOT_USED_IN_PRECOMPS = USE_GPU;
				GCC_WARN_64_TO_32_BIT_CONVERSION = YES;
				GCC_WARN_ABOUT_RETURN_TYPE = YES_ERROR;
				GCC_WARN_UNDECLARED_SELECTOR = YES;
				GCC_WARN_UNINITIALIZED_AUTOS = YES_AGGRESSIVE;
				GCC_WARN_UNUSED_FUNCTION = YES;
				GCC_WARN_UNUSED_VARIABLE = YES;
				MACOSX_DEPLOYMENT_TARGET = 10.11;
				MTL_ENABLE_DEBUG_INFO = YES;
				ONLY_ACTIVE_ARCH = YES;
				SDKROOT = macosx;
			};
			name = Debug;
		};
		2E3A8BD51DB9733C00D0943C /* Release */ = {
			isa = XCBuildConfiguration;
			buildSettings = {
				ALWAYS_SEARCH_USER_PATHS = NO;
				CLANG_ANALYZER_NONNULL = YES;
				CLANG_CXX_LANGUAGE_STANDARD = "gnu++0x";
				CLANG_CXX_LIBRARY = "libc++";
				CLANG_ENABLE_MODULES = YES;
				CLANG_ENABLE_OBJC_ARC = YES;
				CLANG_WARN_BOOL_CONVERSION = YES;
				CLANG_WARN_CONSTANT_CONVERSION = YES;
				CLANG_WARN_DIRECT_OBJC_ISA_USAGE = YES_ERROR;
				CLANG_WARN_DOCUMENTATION_COMMENTS = YES;
				CLANG_WARN_EMPTY_BODY = YES;
				CLANG_WARN_ENUM_CONVERSION = YES;
				CLANG_WARN_INFINITE_RECURSION = YES;
				CLANG_WARN_INT_CONVERSION = YES;
				CLANG_WARN_OBJC_ROOT_CLASS = YES_ERROR;
				CLANG_WARN_SUSPICIOUS_MOVE = YES;
				CLANG_WARN_SUSPICIOUS_MOVES = YES;
				CLANG_WARN_UNREACHABLE_CODE = YES;
				CLANG_WARN__DUPLICATE_METHOD_MATCH = YES;
				CODE_SIGN_IDENTITY = "-";
				COPY_PHASE_STRIP = NO;
				DEBUG_INFORMATION_FORMAT = "dwarf-with-dsym";
				ENABLE_NS_ASSERTIONS = NO;
				ENABLE_STRICT_OBJC_MSGSEND = YES;
				GCC_C_LANGUAGE_STANDARD = gnu99;
				GCC_NO_COMMON_BLOCKS = YES;
				GCC_PREPROCESSOR_DEFINITIONS_NOT_USED_IN_PRECOMPS = USE_GPU;
				GCC_WARN_64_TO_32_BIT_CONVERSION = YES;
				GCC_WARN_ABOUT_RETURN_TYPE = YES_ERROR;
				GCC_WARN_UNDECLARED_SELECTOR = YES;
				GCC_WARN_UNINITIALIZED_AUTOS = YES_AGGRESSIVE;
				GCC_WARN_UNUSED_FUNCTION = YES;
				GCC_WARN_UNUSED_VARIABLE = YES;
				MACOSX_DEPLOYMENT_TARGET = 10.11;
				MTL_ENABLE_DEBUG_INFO = NO;
				SDKROOT = macosx;
			};
			name = Release;
		};
		2E3A8BD71DB9733C00D0943C /* Debug */ = {
			isa = XCBuildConfiguration;
			buildSettings = {
				CLANG_ENABLE_MODULES = YES;
				FRAMEWORK_SEARCH_PATHS = (
					"$(inherited)",
					"$(LOCAL_LIBRARY_DIR)/Frameworks",
					"$(PROJECT_DIR)",
					"$(PROJECT_DIR)/Starfighter",
				);
				HEADER_SEARCH_PATHS = /usr/local/include/SDL2;
				LIBRARY_SEARCH_PATHS = (
					"$(inherited)",
					"$(PROJECT_DIR)",
					/usr/local/lib,
					"$(PROJECT_DIR)/Starfighter",
				);
				OTHER_LDFLAGS = (
					"-lSDL2",
					"-lSDL2_mixer",
					"-lSDL2_image",
					"-liconv",
					"-lxml2",
					"-lz",
				);
				PRODUCT_NAME = "$(TARGET_NAME)";
			};
			name = Debug;
		};
		2E3A8BD81DB9733C00D0943C /* Release */ = {
			isa = XCBuildConfiguration;
			buildSettings = {
				CLANG_ENABLE_MODULES = YES;
				FRAMEWORK_SEARCH_PATHS = (
					"$(inherited)",
					"$(LOCAL_LIBRARY_DIR)/Frameworks",
					"$(PROJECT_DIR)",
					"$(PROJECT_DIR)/Starfighter",
				);
				HEADER_SEARCH_PATHS = /usr/local/include/SDL2;
				LIBRARY_SEARCH_PATHS = (
					"$(inherited)",
					"$(PROJECT_DIR)",
					/usr/local/lib,
					"$(PROJECT_DIR)/Starfighter",
				);
				OTHER_LDFLAGS = (
					"-lSDL2",
					"-lSDL2_mixer",
					"-lSDL2_image",
					"-liconv",
					"-lxml2",
					"-lz",
				);
				PRODUCT_NAME = "$(TARGET_NAME)";
			};
			name = Release;
		};
/* End XCBuildConfiguration section */

/* Begin XCConfigurationList section */
		2E3A8BCA1DB9733C00D0943C /* Build configuration list for PBXProject "Starfighter" */ = {
			isa = XCConfigurationList;
			buildConfigurations = (
				2E3A8BD41DB9733C00D0943C /* Debug */,
				2E3A8BD51DB9733C00D0943C /* Release */,
			);
			defaultConfigurationIsVisible = 0;
			defaultConfigurationName = Release;
		};
		2E3A8BD61DB9733C00D0943C /* Build configuration list for PBXNativeTarget "Starfighter" */ = {
			isa = XCConfigurationList;
			buildConfigurations = (
				2E3A8BD71DB9733C00D0943C /* Debug */,
				2E3A8BD81DB9733C00D0943C /* Release */,
			);
			defaultConfigurationIsVisible = 0;
			defaultConfigurationName = Release;
		};
/* End XCConfigurationList section */
	};
	rootObject = 2E3A8BC71DB9733C00D0943C /* Project object */;
}
